{
  "version": 4,
  "terraform_version": "1.2.6",
  "serial": 17,
  "lineage": "40b556d7-be4f-01bb-4961-847375d8b6b6",
  "outputs": {
    "vpc": {
      "value": {
        "admin_state_up": true,
        "distributed": false,
        "enable_snat": false,
        "external_gateway": "0a2228f2-7f8a-45f1-8e09-9039e1d09975",
        "id": "dd8f508e-c573-486d-9062-cc96b4d00d2d",
        "name": "RW-Devops-VPC",
        "region": "eu-west-1",
        "tenant_id": "6bdf4e322bab42349828954019881bec",
        "timeouts": null,
        "value_specs": null
      },
      "type": [
        "object",
        {
          "admin_state_up": "bool",
          "distributed": "bool",
          "enable_snat": "bool",
          "external_gateway": "string",
          "id": "string",
          "name": "string",
          "region": "string",
          "tenant_id": "string",
          "timeouts": [
            "object",
            {
              "create": "string",
              "delete": "string"
            }
          ],
          "value_specs": [
            "map",
            "string"
          ]
        }
      ]
    }
  },
  "resources": [
    {
      "mode": "managed",
      "type": "flexibleengine_compute_instance_v2",
      "name": "instance_1",
      "provider": "provider[\"registry.terraform.io/flexibleenginecloud/flexibleengine\"]",
      "instances": [
        {
          "schema_version": 0,
          "attributes": {
            "access_ip_v4": "10.10.10.85",
            "access_ip_v6": "",
            "admin_pass": null,
            "all_metadata": {
              "charging_mode": "0",
              "image_name": "OBS CentOS 7.9",
              "metering.image_id": "824b1ecd-f582-40c4-b4d8-00a9b7700c10",
              "metering.imagetype": "gold",
              "metering.resourcespeccode": "s3.medium.4.linux",
              "os_bit": "64",
              "vpc_id": "dd8f508e-c573-486d-9062-cc96b4d00d2d"
            },
            "auto_recovery": true,
            "availability_zone": "eu-west-1a",
            "block_device": [],
            "config_drive": null,
            "flavor_id": "s3.medium.4",
            "flavor_name": "s3.medium.4",
            "floating_ip": null,
            "id": "b0332d3c-a893-4576-9779-83e993743807",
            "image_id": "824b1ecd-f582-40c4-b4d8-00a9b7700c10",
            "image_name": "OBS CentOS 7.9",
            "key_pair": "RW-5121-Key",
            "metadata": {},
            "name": "RW-Devops-ECS",
            "network": [
              {
                "access_network": false,
                "fixed_ip_v4": "10.10.10.85",
                "fixed_ip_v6": "",
                "mac": "fa:16:3e:8a:a8:04",
                "name": "",
                "port": "9f084912-59f6-4d05-b731-ded79b5a279d",
                "uuid": "9c72773e-bbc4-4405-ab00-fb54a0c3c67c"
              }
            ],
            "personality": [],
            "region": "eu-west-1",
            "scheduler_hints": [],
            "security_groups": [
              "RW-devops-SG"
            ],
            "status": "ACTIVE",
            "stop_before_destroy": false,
            "system_disk_id": "cc6399ef-cce2-4f03-8865-166a315d693c",
            "tags": {},
            "timeouts": null,
            "user_data": null,
            "volume_attached": [
              {
                "boot_index": 0,
                "pci_address": "0000:02:01.0",
                "size": 40,
                "type": "SATA",
                "uuid": "cc6399ef-cce2-4f03-8865-166a315d693c"
              }
            ]
          },
          "sensitive_attributes": [],
          "private": "eyJlMmJmYjczMC1lY2FhLTExZTYtOGY4OC0zNDM2M2JjN2M0YzAiOnsiY3JlYXRlIjoxODAwMDAwMDAwMDAwLCJkZWxldGUiOjE4MDAwMDAwMDAwMDAsInVwZGF0ZSI6MTgwMDAwMDAwMDAwMH19",
          "dependencies": [
            "flexibleengine_networking_network_v2.network_1"
          ]
        }
      ]
    },
    {
      "mode": "managed",
      "type": "flexibleengine_networking_network_v2",
      "name": "network_1",
      "provider": "provider[\"registry.terraform.io/flexibleenginecloud/flexibleengine\"]",
      "instances": [
        {
          "schema_version": 0,
          "attributes": {
            "admin_state_up": "true",
            "id": "9c72773e-bbc4-4405-ab00-fb54a0c3c67c",
            "name": "RW-Devops-network",
            "region": "eu-west-1",
            "segments": [],
            "shared": "false",
            "tenant_id": "6bdf4e322bab42349828954019881bec",
            "timeouts": null,
            "value_specs": null
          },
          "sensitive_attributes": [],
          "private": "eyJlMmJmYjczMC1lY2FhLTExZTYtOGY4OC0zNDM2M2JjN2M0YzAiOnsiY3JlYXRlIjo2MDAwMDAwMDAwMDAsImRlbGV0ZSI6NjAwMDAwMDAwMDAwfX0="
        }
      ]
    },
    {
      "mode": "managed",
      "type": "flexibleengine_networking_router_interface_v2",
      "name": "flexibleengine_VPC",
      "provider": "provider[\"registry.terraform.io/flexibleenginecloud/flexibleengine\"]",
      "instances": [
        {
          "schema_version": 0,
          "attributes": {
            "id": "4530580c-fe40-4b5c-8d42-3da0c83e7000",
            "port_id": "4530580c-fe40-4b5c-8d42-3da0c83e7000",
            "region": "eu-west-1",
            "router_id": "dd8f508e-c573-486d-9062-cc96b4d00d2d",
            "subnet_id": "82b62b98-9502-4c41-aa5b-5857911a9461",
            "timeouts": null
          },
          "sensitive_attributes": [],
          "private": "eyJlMmJmYjczMC1lY2FhLTExZTYtOGY4OC0zNDM2M2JjN2M0YzAiOnsiY3JlYXRlIjo2MDAwMDAwMDAwMDAsImRlbGV0ZSI6NjAwMDAwMDAwMDAwfX0=",
          "dependencies": [
            "flexibleengine_networking_network_v2.network_1",
            "flexibleengine_networking_router_v2.VPC_1",
            "flexibleengine_networking_subnet_v2.subnet_1"
          ]
        }
      ]
    },
    {
      "mode": "managed",
      "type": "flexibleengine_networking_router_v2",
      "name": "VPC_1",
      "provider": "provider[\"registry.terraform.io/flexibleenginecloud/flexibleengine\"]",
      "instances": [
        {
          "schema_version": 0,
          "attributes": {
            "admin_state_up": true,
            "distributed": false,
            "enable_snat": false,
            "external_gateway": "0a2228f2-7f8a-45f1-8e09-9039e1d09975",
            "id": "dd8f508e-c573-486d-9062-cc96b4d00d2d",
            "name": "RW-Devops-VPC",
            "region": "eu-west-1",
            "tenant_id": "6bdf4e322bab42349828954019881bec",
            "timeouts": null,
            "value_specs": null
          },
          "sensitive_attributes": [],
          "private": "eyJlMmJmYjczMC1lY2FhLTExZTYtOGY4OC0zNDM2M2JjN2M0YzAiOnsiY3JlYXRlIjo2MDAwMDAwMDAwMDAsImRlbGV0ZSI6NjAwMDAwMDAwMDAwfX0="
        }
      ]
    },
    {
      "mode": "managed",
      "type": "flexibleengine_networking_secgroup_rule_v2",
      "name": "secgroup_rule_1",
      "provider": "provider[\"registry.terraform.io/flexibleenginecloud/flexibleengine\"]",
      "instances": [
        {
          "schema_version": 0,
          "attributes": {
            "description": "",
            "direction": "ingress",
            "ethertype": "IPv4",
            "id": "50a39e16-e11c-4668-83cb-cb8517e4c809",
            "port_range_max": 22,
            "port_range_min": 22,
            "protocol": "tcp",
            "region": "eu-west-1",
            "remote_group_id": "",
            "remote_ip_prefix": "0.0.0.0/0",
            "security_group_id": "0cc29cb0-e081-461e-9371-16d1f46cfafd",
            "tenant_id": null,
            "timeouts": null
          },
          "sensitive_attributes": [],
          "private": "eyJlMmJmYjczMC1lY2FhLTExZTYtOGY4OC0zNDM2M2JjN2M0YzAiOnsiZGVsZXRlIjo2MDAwMDAwMDAwMDB9fQ==",
          "dependencies": [
            "flexibleengine_networking_secgroup_v2.devops-SG"
          ]
        }
      ]
    },
    {
      "mode": "managed",
      "type": "flexibleengine_networking_secgroup_rule_v2",
      "name": "secgroup_rule_2",
      "provider": "provider[\"registry.terraform.io/flexibleenginecloud/flexibleengine\"]",
      "instances": [
        {
          "schema_version": 0,
          "attributes": {
            "description": "",
            "direction": "ingress",
            "ethertype": "IPv4",
            "id": "62323d7b-916c-4364-8c48-a104c179e7e2",
            "port_range_max": 80,
            "port_range_min": 80,
            "protocol": "tcp",
            "region": "eu-west-1",
            "remote_group_id": "",
            "remote_ip_prefix": "0.0.0.0/0",
            "security_group_id": "0cc29cb0-e081-461e-9371-16d1f46cfafd",
            "tenant_id": null,
            "timeouts": null
          },
          "sensitive_attributes": [],
          "private": "eyJlMmJmYjczMC1lY2FhLTExZTYtOGY4OC0zNDM2M2JjN2M0YzAiOnsiZGVsZXRlIjo2MDAwMDAwMDAwMDB9fQ==",
          "dependencies": [
            "flexibleengine_networking_secgroup_v2.devops-SG"
          ]
        }
      ]
    },
    {
      "mode": "managed",
      "type": "flexibleengine_networking_secgroup_v2",
      "name": "devops-SG",
      "provider": "provider[\"registry.terraform.io/flexibleenginecloud/flexibleengine\"]",
      "instances": [
        {
          "schema_version": 0,
          "attributes": {
            "delete_default_rules": null,
            "description": "My neutron security group",
            "id": "0cc29cb0-e081-461e-9371-16d1f46cfafd",
            "name": "RW-devops-SG",
            "region": "eu-west-1",
            "tenant_id": null,
            "timeouts": null
          },
          "sensitive_attributes": [],
          "private": "eyJlMmJmYjczMC1lY2FhLTExZTYtOGY4OC0zNDM2M2JjN2M0YzAiOnsiZGVsZXRlIjo2MDAwMDAwMDAwMDB9fQ=="
        }
      ]
    },
    {
      "mode": "managed",
      "type": "flexibleengine_networking_subnet_v2",
      "name": "subnet_1",
      "provider": "provider[\"registry.terraform.io/flexibleenginecloud/flexibleengine\"]",
      "instances": [
        {
          "schema_version": 0,
          "attributes": {
            "allocation_pools": [
              {
                "end": "10.10.10.252",
                "start": "10.10.10.2"
              }
            ],
            "cidr": "10.10.10.0/24",
            "dns_nameservers": [],
            "enable_dhcp": true,
            "gateway_ip": "10.10.10.1",
            "host_routes": [],
            "id": "82b62b98-9502-4c41-aa5b-5857911a9461",
            "ip_version": 4,
            "name": "RW-Devops-subnet",
            "network_id": "9c72773e-bbc4-4405-ab00-fb54a0c3c67c",
            "no_gateway": null,
            "region": "eu-west-1",
            "tenant_id": "6bdf4e322bab42349828954019881bec",
            "timeouts": null,
            "value_specs": null
          },
          "sensitive_attributes": [],
          "private": "eyJlMmJmYjczMC1lY2FhLTExZTYtOGY4OC0zNDM2M2JjN2M0YzAiOnsiY3JlYXRlIjo2MDAwMDAwMDAwMDAsImRlbGV0ZSI6NjAwMDAwMDAwMDAwfX0=",
          "dependencies": [
            "flexibleengine_networking_network_v2.network_1"
          ]
        }
      ]
    }
  ]
}
